absl-py==1.0.0
acme==1.1.0
astunparse==1.6.3
attrs==21.2.0
Automat==0.8.0
backports.entry-points-selectable==1.1.1
black==21.11b1
blinker==1.4
cachetools==4.2.4
certbot==0.40.0
certifi==2019.11.28
cfgv==3.3.1
chardet==3.0.4
click==8.0.3
cloud-init==21.4
colorama==0.4.3
command-not-found==0.3
ConfigArgParse==0.13.0
configobj==5.0.6
constantly==15.1.0
coverage==6.3.1
cryptography==2.8
dbus-python==1.2.16
distlib==0.3.3
distro==1.4.0
distro-info===0.23ubuntu1
ec2-hibinit-agent==1.0.0
entrypoints==0.3
et-xmlfile==1.1.0
filelock==3.4.0
Flask==2.0.2
Flask-Executor==0.10.0
Flask-Login==0.5.0
Flask-SQLAlchemy==2.5.1
flatbuffers==2.0
future==0.18.2
gast==0.4.0
google-auth==2.3.3
google-auth-oauthlib==0.4.6
google-pasta==0.2.0
greenlet==1.1.2
grpcio==1.43.0
gunicorn==20.1.0
h5py==3.6.0
hibagent==1.0.1
httplib2==0.14.0
hyperlink==19.0.0
identify==2.4.0
idna==2.8
importlib-metadata==4.10.0
incremental==16.10.1
iniconfig==1.1.1
itsdangerous==2.0.1
Jinja2==3.0.3
josepy==1.2.0
jsonpatch==1.22
jsonpointer==2.0
jsonschema==3.2.0
keras==2.7.0
Keras-Preprocessing==1.1.2
keyring==18.0.1
language-selector==0.1
launchpadlib==1.10.13
lazr.restfulclient==0.14.2
lazr.uri==1.0.3
libclang==12.0.0
Markdown==3.3.6
MarkupSafe==2.0.1
mock==3.0.5
more-itertools==4.2.0
mypy-extensions==0.4.3
netifaces==0.10.4
nodeenv==1.6.0
numpy==1.21.4
oauthlib==3.1.0
openpyxl==3.0.9
opt-einsum==3.3.0
packaging==21.3
pandas==1.3.4
parsedatetime==2.4
pathspec==0.9.0
pbr==5.4.5
pexpect==4.6.0
platformdirs==2.4.0
pluggy==1.0.0
pre-commit==2.16.0
protobuf==3.19.1
py==1.11.0
pyasn1==0.4.2
pyasn1-modules==0.2.1
PyGObject==3.36.0
PyHamcrest==1.9.0
PyICU==2.4.2
PyJWT==1.7.1
pymacaroons==0.13.0
PyNaCl==1.3.0
pyOpenSSL==19.0.0
pyparsing==3.0.6
pyRFC3339==1.1
pyrsistent==0.15.5
pyserial==3.4
pytest==6.2.5
pytest-cov==3.0.0
python-apt==2.0.0+ubuntu0.20.4.6
python-dateutil==2.8.2
python-debian===0.1.36ubuntu1
pytz==2021.3
PyYAML==6.0
regex==2021.11.10
requests==2.22.0
requests-oauthlib==1.3.0
requests-toolbelt==0.8.0
requests-unixsocket==0.2.0
rsa==4.8
scipy==1.7.3
SecretStorage==2.3.1
service-identity==18.1.0
simplejson==3.16.0
six==1.16.0
sos==4.1
SQLAlchemy==1.4.27
ssh-import-id==5.10
systemd-python==234
tensorboard==2.7.0
tensorboard-data-server==0.6.1
tensorboard-plugin-wit==1.8.0
tensorflow==2.7.0
tensorflow-estimator==2.7.0
tensorflow-io-gcs-filesystem==0.23.1
termcolor==1.1.0
toml==0.10.2
tomli==1.2.2
Twisted==18.9.0
typer==0.4.0
typing-extensions==4.0.1
ubuntu-advantage-tools==27.4
ufw==0.36
unattended-upgrades==0.1
urllib3==1.25.8
virtualenv==20.10.0
wadllib==1.3.3
Werkzeug==2.0.2
wrapt==1.13.3
zipp==1.0.0
zope.component==4.3.0
zope.event==4.4
zope.hookable==5.0.0
zope.interface==4.7.1
